
Microsoft Visual Studio Solution File, Format Version 12.00
# Visual Studio Version 17
VisualStudioVersion = 17.8.34330.188
MinimumVisualStudioVersion = 10.0.40219.1
Project("{8BC9CEB8-8B4A-11D0-8D11-00A0C91BC942}") = "A3_Four_in_a_row_20221007_20220220", "A3_Four_in_a_row_20221007_20220220\A3_Four_in_a_row_20221007_20220220.vcxproj", "{ACF5B78F-2B7E-4313-A33C-B4F42CA462D0}"
EndProject
Global
	GlobalSection(SolutionConfigurationPlatforms) = preSolution
		Debug|x64 = Debug|x64
		Debug|x86 = Debug|x86
		Release|x64 = Release|x64
		Release|x86 = Release|x86
	EndGlobalSection
	GlobalSection(ProjectConfigurationPlatforms) = postSolution
		{ACF5B78F-2B7E-4313-A33C-B4F42CA462D0}.Debug|x64.ActiveCfg = Debug|x64
		{ACF5B78F-2B7E-4313-A33C-B4F42CA462D0}.Debug|x64.Build.0 = Debug|x64
		{ACF5B78F-2B7E-4313-A33C-B4F42CA462D0}.Debug|x86.ActiveCfg = Debug|Win32
		{ACF5B78F-2B7E-4313-A33C-B4F42CA462D0}.Debug|x86.Build.0 = Debug|Win32
		{ACF5B78F-2B7E-4313-A33C-B4F42CA462D0}.Release|x64.ActiveCfg = Release|x64
		{ACF5B78F-2B7E-4313-A33C-B4F42CA462D0}.Release|x64.Build.0 = Release|x64
		{ACF5B78F-2B7E-4313-A33C-B4F42CA462D0}.Release|x86.ActiveCfg = Release|Win32
		{ACF5B78F-2B7E-4313-A33C-B4F42CA462D0}.Release|x86.Build.0 = Release|Win32
	EndGlobalSection
	GlobalSection(SolutionProperties) = preSolution
		HideSolutionNode = FALSE
	EndGlobalSection
	GlobalSection(ExtensibilityGlobals) = postSolution
		SolutionGuid = {48D3565F-0C34-468D-B30A-B09CB9062122}
	EndGlobalSection
EndGlobal
